{
  "version": 2,
  "skills": {
    "playwright-skill": "https://github.com/lackeyjb/playwright-skill",
    "addyosmani-agent-skills": "https://github.com/addyosmani/agent-skills",
    "claude-code-best-practice": "https://github.com/shanraisshan/claude-code-best-practice",
    "claude-bughunter": "https://github.com/elementalsouls/Claude-BugHunter",
    "superpowers": "https://github.com/obra/superpowers"
  }
}
